// !$*UTF8*$!
{
	archiveVersion = 1;
	classes = {
	};
	objectVersion = 56;
	objects = {

/* Begin PBXBuildFile section */
		098F435A2BE4DB5D00F0BAC5 /* main.mm in Sources */ = {isa = PBXBuildFile; fileRef = 098F43592BE4DB5D00F0BAC5 /* main.mm */; };
		098F43612BE4DBAE00F0BAC5 /* CoreGraphics.xcframework in Frameworks */ = {isa = PBXBuildFile; fileRef = 098F43602BE4DBAE00F0BAC5 /* CoreGraphics.xcframework */; };
		098F43642BE4E50300F0BAC5 /* libfmtd.a in Frameworks */ = {isa = PBXBuildFile; fileRef = 098F43632BE4E4D300F0BAC5 /* libfmtd.a */; };
		098F43662BE4EA9400F0BAC5 /* CoreGraphics.framework in Frameworks */ = {isa = PBXBuildFile; fileRef = 098F43652BE4EA9400F0BAC5 /* CoreGraphics.framework */; };
/* End PBXBuildFile section */

/* Begin PBXCopyFilesBuildPhase section */
		098F43542BE4DB5D00F0BAC5 /* CopyFiles */ = {
			isa = PBXCopyFilesBuildPhase;
			buildActionMask = 2147483647;
			dstPath = /usr/share/man/man1/;
			dstSubfolderSpec = 0;
			files = (
			);
			runOnlyForDeploymentPostprocessing = 1;
		};
/* End PBXCopyFilesBuildPhase section */

/* Begin PBXFileReference section */
		098F43562BE4DB5D00F0BAC5 /* macos-virtual-screen */ = {isa = PBXFileReference; explicitFileType = "compiled.mach-o.executable"; includeInIndex = 0; path = "macos-virtual-screen"; sourceTree = BUILT_PRODUCTS_DIR; };
		098F43592BE4DB5D00F0BAC5 /* main.mm */ = {isa = PBXFileReference; lastKnownFileType = sourcecode.cpp.objcpp; path = main.mm; sourceTree = "<group>"; };
		098F43602BE4DBAE00F0BAC5 /* CoreGraphics.xcframework */ = {isa = PBXFileReference; lastKnownFileType = wrapper.xcframework; path = CoreGraphics.xcframework; sourceTree = "<group>"; };
		098F43632BE4E4D300F0BAC5 /* libfmtd.a */ = {isa = PBXFileReference; lastKnownFileType = archive.ar; name = libfmtd.a; path = "3rdparty/prefix-fmt/lib/libfmtd.a"; sourceTree = "<group>"; };
		098F43652BE4EA9400F0BAC5 /* CoreGraphics.framework */ = {isa = PBXFileReference; lastKnownFileType = wrapper.framework; name = CoreGraphics.framework; path = System/Library/Frameworks/CoreGraphics.framework; sourceTree = SDKROOT; };
/* End PBXFileReference section */

/* Begin PBXFrameworksBuildPhase section */
		098F43532BE4DB5D00F0BAC5 /* Frameworks */ = {
			isa = PBXFrameworksBuildPhase;
			buildActionMask = 2147483647;
			files = (
				098F43662BE4EA9400F0BAC5 /* CoreGraphics.framework in Frameworks */,
				098F43642BE4E50300F0BAC5 /* libfmtd.a in Frameworks */,
				098F43612BE4DBAE00F0BAC5 /* CoreGraphics.xcframework in Frameworks */,
			);
			runOnlyForDeploymentPostprocessing = 0;
		};
/* End PBXFrameworksBuildPhase section */

/* Begin PBXGroup section */
		098F434D2BE4DB5D00F0BAC5 = {
			isa = PBXGroup;
			children = (
				098F43602BE4DBAE00F0BAC5 /* CoreGraphics.xcframework */,
				098F43582BE4DB5D00F0BAC5 /* macos-virtual-screen */,
				098F43572BE4DB5D00F0BAC5 /* Products */,
				098F43622BE4E4D300F0BAC5 /* Frameworks */,
			);
			sourceTree = "<group>";
		};
		098F43572BE4DB5D00F0BAC5 /* Products */ = {
			isa = PBXGroup;
			children = (
				098F43562BE4DB5D00F0BAC5 /* macos-virtual-screen */,
			);
			name = Products;
			sourceTree = "<group>";
		};
		098F43582BE4DB5D00F0BAC5 /* macos-virtual-screen */ = {
			isa = PBXGroup;
			children = (
				098F43592BE4DB5D00F0BAC5 /* main.mm */,
			);
			path = "macos-virtual-screen";
			sourceTree = "<group>";
		};
		098F43622BE4E4D300F0BAC5 /* Frameworks */ = {
			isa = PBXGroup;
			children = (
				098F43652BE4EA9400F0BAC5 /* CoreGraphics.framework */,
				098F43632BE4E4D300F0BAC5 /* libfmtd.a */,
			);
			name = Frameworks;
			sourceTree = "<group>";
		};
/* End PBXGroup section */

/* Begin PBXNativeTarget section */
		098F43552BE4DB5D00F0BAC5 /* macos-virtual-screen */ = {
			isa = PBXNativeTarget;
			buildConfigurationList = 098F435D2BE4DB5D00F0BAC5 /* Build configuration list for PBXNativeTarget "macos-virtual-screen" */;
			buildPhases = (
				098F43522BE4DB5D00F0BAC5 /* Sources */,
				098F43532BE4DB5D00F0BAC5 /* Frameworks */,
				098F43542BE4DB5D00F0BAC5 /* CopyFiles */,
			);
			buildRules = (
			);
			dependencies = (
			);
			name = "macos-virtual-screen";
			productName = "macos-virtual-screen";
			productReference = 098F43562BE4DB5D00F0BAC5 /* macos-virtual-screen */;
			productType = "com.apple.product-type.tool";
		};
/* End PBXNativeTarget section */

/* Begin PBXProject section */
		098F434E2BE4DB5D00F0BAC5 /* Project object */ = {
			isa = PBXProject;
			attributes = {
				BuildIndependentTargetsInParallel = 1;
				LastUpgradeCheck = 1540;
				TargetAttributes = {
					098F43552BE4DB5D00F0BAC5 = {
						CreatedOnToolsVersion = 15.4;
					};
				};
			};
			buildConfigurationList = 098F43512BE4DB5D00F0BAC5 /* Build configuration list for PBXProject "macos-virtual-screen" */;
			compatibilityVersion = "Xcode 14.0";
			developmentRegion = en;
			hasScannedForEncodings = 0;
			knownRegions = (
				en,
				Base,
			);
			mainGroup = 098F434D2BE4DB5D00F0BAC5;
			productRefGroup = 098F43572BE4DB5D00F0BAC5 /* Products */;
			projectDirPath = "";
			projectRoot = "";
			targets = (
				098F43552BE4DB5D00F0BAC5 /* macos-virtual-screen */,
			);
		};
/* End PBXProject section */

/* Begin PBXSourcesBuildPhase section */
		098F43522BE4DB5D00F0BAC5 /* Sources */ = {
			isa = PBXSourcesBuildPhase;
			buildActionMask = 2147483647;
			files = (
				098F435A2BE4DB5D00F0BAC5 /* main.mm in Sources */,
			);
			runOnlyForDeploymentPostprocessing = 0;
		};
/* End PBXSourcesBuildPhase section */

/* Begin XCBuildConfiguration section */
		098F435B2BE4DB5D00F0BAC5 /* Debug */ = {
			isa = XCBuildConfiguration;
			buildSettings = {
				ALWAYS_SEARCH_USER_PATHS = NO;
				ARCHS = arm64;
				ASSETCATALOG_COMPILER_GENERATE_SWIFT_ASSET_SYMBOL_EXTENSIONS = YES;
				CLANG_ANALYZER_NONNULL = YES;
				CLANG_ANALYZER_NUMBER_OBJECT_CONVERSION = YES_AGGRESSIVE;
				CLANG_CXX_LANGUAGE_STANDARD = "gnu++23";
				CLANG_ENABLE_MODULES = NO;
				CLANG_ENABLE_OBJC_ARC = YES;
				CLANG_ENABLE_OBJC_WEAK = YES;
				CLANG_WARN_BLOCK_CAPTURE_AUTORELEASING = YES;
				CLANG_WARN_BOOL_CONVERSION = YES;
				CLANG_WARN_COMMA = YES;
				CLANG_WARN_CONSTANT_CONVERSION = YES;
				CLANG_WARN_DEPRECATED_OBJC_IMPLEMENTATIONS = YES;
				CLANG_WARN_DIRECT_OBJC_ISA_USAGE = YES_ERROR;
				CLANG_WARN_DOCUMENTATION_COMMENTS = YES;
				CLANG_WARN_EMPTY_BODY = YES;
				CLANG_WARN_ENUM_CONVERSION = YES;
				CLANG_WARN_INFINITE_RECURSION = YES;
				CLANG_WARN_INT_CONVERSION = YES;
				CLANG_WARN_NON_LITERAL_NULL_CONVERSION = YES;
				CLANG_WARN_OBJC_IMPLICIT_RETAIN_SELF = YES;
				CLANG_WARN_OBJC_LITERAL_CONVERSION = YES;
				CLANG_WARN_OBJC_ROOT_CLASS = YES_ERROR;
				CLANG_WARN_QUOTED_INCLUDE_IN_FRAMEWORK_HEADER = YES;
				CLANG_WARN_RANGE_LOOP_ANALYSIS = YES;
				CLANG_WARN_STRICT_PROTOTYPES = YES;
				CLANG_WARN_SUSPICIOUS_MOVE = YES;
				CLANG_WARN_UNGUARDED_AVAILABILITY = YES_AGGRESSIVE;
				CLANG_WARN_UNREACHABLE_CODE = YES;
				CLANG_WARN__DUPLICATE_METHOD_MATCH = YES;
				COPY_PHASE_STRIP = NO;
				DEBUG_INFORMATION_FORMAT = dwarf;
				ENABLE_STRICT_OBJC_MSGSEND = YES;
				ENABLE_TESTABILITY = YES;
				ENABLE_USER_SCRIPT_SANDBOXING = YES;
				GCC_C_LANGUAGE_STANDARD = gnu17;
				GCC_DYNAMIC_NO_PIC = NO;
				GCC_NO_COMMON_BLOCKS = YES;
				GCC_OPTIMIZATION_LEVEL = 0;
				GCC_PREPROCESSOR_DEFINITIONS = (
					"DEBUG=1",
					"$(inherited)",
				);
				GCC_WARN_64_TO_32_BIT_CONVERSION = YES;
				GCC_WARN_ABOUT_RETURN_TYPE = YES_ERROR;
				GCC_WARN_UNDECLARED_SELECTOR = YES;
				GCC_WARN_UNINITIALIZED_AUTOS = YES_AGGRESSIVE;
				GCC_WARN_UNUSED_FUNCTION = YES;
				GCC_WARN_UNUSED_VARIABLE = YES;
				HEADER_SEARCH_PATHS = "$(PROJECT_DIR)/3rdparty/prefix-fmt/include";
				INSTALL_PATH = /Users/jevin/base/util/bin;
				LOCALIZATION_PREFERS_STRING_CATALOGS = YES;
				MACOSX_DEPLOYMENT_TARGET = 14.3;
				MTL_ENABLE_DEBUG_INFO = INCLUDE_SOURCE;
				MTL_FAST_MATH = YES;
				ONLY_ACTIVE_ARCH = YES;
				SDKROOT = macosx;
			};
			name = Debug;
		};
		098F435C2BE4DB5D00F0BAC5 /* Release */ = {
			isa = XCBuildConfiguration;
			buildSettings = {
				ALWAYS_SEARCH_USER_PATHS = NO;
				ARCHS = arm64;
				ASSETCATALOG_COMPILER_GENERATE_SWIFT_ASSET_SYMBOL_EXTENSIONS = YES;
				CLANG_ANALYZER_NONNULL = YES;
				CLANG_ANALYZER_NUMBER_OBJECT_CONVERSION = YES_AGGRESSIVE;
				CLANG_CXX_LANGUAGE_STANDARD = "gnu++23";
				CLANG_ENABLE_MODULES = NO;
				CLANG_ENABLE_OBJC_ARC = YES;
				CLANG_ENABLE_OBJC_WEAK = YES;
				CLANG_WARN_BLOCK_CAPTURE_AUTORELEASING = YES;
				CLANG_WARN_BOOL_CONVERSION = YES;
				CLANG_WARN_COMMA = YES;
				CLANG_WARN_CONSTANT_CONVERSION = YES;
				CLANG_WARN_DEPRECATED_OBJC_IMPLEMENTATIONS = YES;
				CLANG_WARN_DIRECT_OBJC_ISA_USAGE = YES_ERROR;
				CLANG_WARN_DOCUMENTATION_COMMENTS = YES;
				CLANG_WARN_EMPTY_BODY = YES;
				CLANG_WARN_ENUM_CONVERSION = YES;
				CLANG_WARN_INFINITE_RECURSION = YES;
				CLANG_WARN_INT_CONVERSION = YES;
				CLANG_WARN_NON_LITERAL_NULL_CONVERSION = YES;
				CLANG_WARN_OBJC_IMPLICIT_RETAIN_SELF = YES;
				CLANG_WARN_OBJC_LITERAL_CONVERSION = YES;
				CLANG_WARN_OBJC_ROOT_CLASS = YES_ERROR;
				CLANG_WARN_QUOTED_INCLUDE_IN_FRAMEWORK_HEADER = YES;
				CLANG_WARN_RANGE_LOOP_ANALYSIS = YES;
				CLANG_WARN_STRICT_PROTOTYPES = YES;
				CLANG_WARN_SUSPICIOUS_MOVE = YES;
				CLANG_WARN_UNGUARDED_AVAILABILITY = YES_AGGRESSIVE;
				CLANG_WARN_UNREACHABLE_CODE = YES;
				CLANG_WARN__DUPLICATE_METHOD_MATCH = YES;
				COPY_PHASE_STRIP = NO;
				DEBUG_INFORMATION_FORMAT = "dwarf-with-dsym";
				ENABLE_NS_ASSERTIONS = NO;
				ENABLE_STRICT_OBJC_MSGSEND = YES;
				ENABLE_USER_SCRIPT_SANDBOXING = YES;
				GCC_C_LANGUAGE_STANDARD = gnu17;
				GCC_NO_COMMON_BLOCKS = YES;
				GCC_WARN_64_TO_32_BIT_CONVERSION = YES;
				GCC_WARN_ABOUT_RETURN_TYPE = YES_ERROR;
				GCC_WARN_UNDECLARED_SELECTOR = YES;
				GCC_WARN_UNINITIALIZED_AUTOS = YES_AGGRESSIVE;
				GCC_WARN_UNUSED_FUNCTION = YES;
				GCC_WARN_UNUSED_VARIABLE = YES;
				HEADER_SEARCH_PATHS = "$(PROJECT_DIR)/3rdparty/prefix-fmt/include";
				INSTALL_PATH = /Users/jevin/base/util/bin;
				LOCALIZATION_PREFERS_STRING_CATALOGS = YES;
				MACOSX_DEPLOYMENT_TARGET = 14.3;
				MTL_ENABLE_DEBUG_INFO = NO;
				MTL_FAST_MATH = YES;
				ONLY_ACTIVE_ARCH = YES;
				SDKROOT = macosx;
			};
			name = Release;
		};
		098F435E2BE4DB5D00F0BAC5 /* Debug */ = {
			isa = XCBuildConfiguration;
			buildSettings = {
				CODE_SIGN_STYLE = Automatic;
				DEVELOPMENT_TEAM = ZK96P738ZR;
				ENABLE_HARDENED_RUNTIME = NO;
				LIBRARY_SEARCH_PATHS = (
					"$(inherited)",
					"$(PROJECT_DIR)/3rdparty/prefix-fmt/lib",
				);
				PRODUCT_NAME = "$(TARGET_NAME)";
			};
			name = Debug;
		};
		098F435F2BE4DB5D00F0BAC5 /* Release */ = {
			isa = XCBuildConfiguration;
			buildSettings = {
				CODE_SIGN_STYLE = Automatic;
				DEVELOPMENT_TEAM = ZK96P738ZR;
				ENABLE_HARDENED_RUNTIME = NO;
				LIBRARY_SEARCH_PATHS = (
					"$(inherited)",
					"$(PROJECT_DIR)/3rdparty/prefix-fmt/lib",
				);
				PRODUCT_NAME = "$(TARGET_NAME)";
			};
			name = Release;
		};
/* End XCBuildConfiguration section */

/* Begin XCConfigurationList section */
		098F43512BE4DB5D00F0BAC5 /* Build configuration list for PBXProject "macos-virtual-screen" */ = {
			isa = XCConfigurationList;
			buildConfigurations = (
				098F435B2BE4DB5D00F0BAC5 /* Debug */,
				098F435C2BE4DB5D00F0BAC5 /* Release */,
			);
			defaultConfigurationIsVisible = 0;
			defaultConfigurationName = Release;
		};
		098F435D2BE4DB5D00F0BAC5 /* Build configuration list for PBXNativeTarget "macos-virtual-screen" */ = {
			isa = XCConfigurationList;
			buildConfigurations = (
				098F435E2BE4DB5D00F0BAC5 /* Debug */,
				098F435F2BE4DB5D00F0BAC5 /* Release */,
			);
			defaultConfigurationIsVisible = 0;
			defaultConfigurationName = Release;
		};
/* End XCConfigurationList section */
	};
	rootObject = 098F434E2BE4DB5D00F0BAC5 /* Project object */;
}
